
Microsoft Visual Studio Solution File, Format Version 12.00
# Visual Studio Version 17
VisualStudioVersion = 17.2.32526.322
MinimumVisualStudioVersion = 10.0.40219.1
Project("{FAE04EC0-301F-11D3-BF4B-00C04F79EFBC}") = "BasicAPISettings.Api", "BasicAPISettings.Api\BasicAPISettings.Api.csproj", "{99481639-E54C-45F3-ADA8-BC45C1F39890}"
EndProject
Global
	GlobalSection(SolutionConfigurationPlatforms) = preSolution
		Debug|Any CPU = Debug|Any CPU
		Release|Any CPU = Release|Any CPU
	EndGlobalSection
	GlobalSection(ProjectConfigurationPlatforms) = postSolution
		{99481639-E54C-45F3-ADA8-BC45C1F39890}.Debug|Any CPU.ActiveCfg = Debug|Any CPU
		{99481639-E54C-45F3-ADA8-BC45C1F39890}.Debug|Any CPU.Build.0 = Debug|Any CPU
		{99481639-E54C-45F3-ADA8-BC45C1F39890}.Release|Any CPU.ActiveCfg = Release|Any CPU
		{99481639-E54C-45F3-ADA8-BC45C1F39890}.Release|Any CPU.Build.0 = Release|Any CPU
	EndGlobalSection
	GlobalSection(SolutionProperties) = preSolution
		HideSolutionNode = FALSE
	EndGlobalSection
	GlobalSection(ExtensibilityGlobals) = postSolution
		SolutionGuid = {A6128718-95B9-4B65-B762-D9F4948CD3E1}
	EndGlobalSection
EndGlobal
